{
  "name": "@turbo-ogre/sdk",
  "version": "0.2.0",
  "lockfileVersion": 3,
  "requires": true,
  "packages": {
    "": {
      "name": "@turbo-ogre/sdk",
      "version": "0.2.0",
      "license": "MIT",
      "bin": {
        "turbo-ogre": "bin/turbo-ogre.mjs"
      },
      "engines": {
        "node": ">=22"
      }
    }
  }
}
